<?xml version="1.0" encoding="utf-8"?>
<Project ToolsVersion="4.0" xmlns="http://schemas.microsoft.com/developer/msbuild/2003">
  <ItemGroup>
    <Filter Include="File">
      <UniqueIdentifier>{22c1eb14-00ac-40c8-91d5-e0402f4faa81}</UniqueIdentifier>
    </Filter>
    <Filter Include="Binary">
      <UniqueIdentifier>{0b8c8d27-21d9-4d77-a21f-3c212253eaff}</UniqueIdentifier>
    </Filter>
    <Filter Include="Error">
      <UniqueIdentifier>{c6bb905f-1ac6-44e5-b79d-2c753d5f02ba}</UniqueIdentifier>
    </Filter>
    <Filter Include="File\Format">
      <UniqueIdentifier>{eb92dcd1-1813-4cb8-a3c5-b1d960ec7d5f}</UniqueIdentifier>
    </Filter>
  </ItemGroup>
  <ItemGroup>
    <ClCompile Include="..\..\..\CPP\File\File.cpp">
      <Filter>File</Filter>
    </ClCompile>
    <ClCompile Include="..\..\..\CPP\File\FileConverter.cpp">
      <Filter>File</Filter>
    </ClCompile>
    <ClCompile Include="..\..\..\CPP\Error\NotImplementedException.cpp">
      <Filter>Error</Filter>
    </ClCompile>
    <ClCompile Include="..\..\..\CPP\File\Format\FileDDS.cpp">
      <Filter>File\Format</Filter>
    </ClCompile>
    <ClCompile Include="..\..\..\CPP\File\Format\FileFBX.cpp">
      <Filter>File\Format</Filter>
    </ClCompile>
    <ClCompile Include="..\..\..\CPP\File\Format\FileOBJ.cpp">
      <Filter>File\Format</Filter>
    </ClCompile>
    <ClCompile Include="..\..\..\CPP\File\Format\FileWAV.cpp">
      <Filter>File\Format</Filter>
    </ClCompile>
  </ItemGroup>
  <ItemGroup>
    <ClInclude Include="..\..\..\CPP\File\File.h">
      <Filter>File</Filter>
    </ClInclude>
    <ClInclude Include="..\..\..\CPP\File\FileConverter.h">
      <Filter>File</Filter>
    </ClInclude>
    <ClInclude Include="..\..\..\CPP\File\GenFile.h">
      <Filter>File</Filter>
    </ClInclude>
    <ClInclude Include="..\..\..\CPP\GenFrame.h" />
    <ClInclude Include="..\..\..\CPP\Binary\BinaryRead.h">
      <Filter>Binary</Filter>
    </ClInclude>
    <ClInclude Include="..\..\..\CPP\Binary\BinaryWrite.h">
      <Filter>Binary</Filter>
    </ClInclude>
    <ClInclude Include="..\..\..\CPP\Binary\GenBinary.h">
      <Filter>Binary</Filter>
    </ClInclude>
    <ClInclude Include="..\..\..\CPP\Error\NotImplementedException.h">
      <Filter>Error</Filter>
    </ClInclude>
    <ClInclude Include="..\..\..\CPP\Error\StaticAssert.h">
      <Filter>Error</Filter>
    </ClInclude>
    <ClInclude Include="..\..\..\CPP\Error\GenError.h">
      <Filter>Error</Filter>
    </ClInclude>
    <ClInclude Include="..\..\..\CPP\File\Format\FileDDS.h">
      <Filter>File\Format</Filter>
    </ClInclude>
    <ClInclude Include="..\..\..\CPP\File\Format\FileFBX.h">
      <Filter>File\Format</Filter>
    </ClInclude>
    <ClInclude Include="..\..\..\CPP\File\Format\FileOBJ.h">
      <Filter>File\Format</Filter>
    </ClInclude>
    <ClInclude Include="..\..\..\CPP\File\Format\FileWAV.h">
      <Filter>File\Format</Filter>
    </ClInclude>
    <ClInclude Include="..\..\..\CPP\File\Format\GenFileFromat.h">
      <Filter>File\Format</Filter>
    </ClInclude>
  </ItemGroup>
</Project>