<?xml version="1.0" encoding="utf-8"?>
<Project ToolsVersion="4.0" xmlns="http://schemas.microsoft.com/developer/msbuild/2003">
  <ItemGroup>
    <Filter Include="Exception">
      <UniqueIdentifier>{c6bb905f-1ac6-44e5-b79d-2c753d5f02ba}</UniqueIdentifier>
    </Filter>
    <Filter Include="File">
      <UniqueIdentifier>{22c1eb14-00ac-40c8-91d5-e0402f4faa81}</UniqueIdentifier>
    </Filter>
    <Filter Include="File\FileFormat">
      <UniqueIdentifier>{eb92dcd1-1813-4cb8-a3c5-b1d960ec7d5f}</UniqueIdentifier>
    </Filter>
  </ItemGroup>
  <ItemGroup>
    <ClCompile Include="..\..\..\CPP\Exception\NotImplementedException.cpp">
      <Filter>Exception</Filter>
    </ClCompile>
    <ClCompile Include="..\..\..\CPP\File\File.cpp">
      <Filter>File</Filter>
    </ClCompile>
    <ClCompile Include="..\..\..\CPP\File\FileConverter.cpp">
      <Filter>File</Filter>
    </ClCompile>
    <ClCompile Include="..\..\..\CPP\File\FileFormat\FileDDS.cpp">
      <Filter>File\FileFormat</Filter>
    </ClCompile>
    <ClCompile Include="..\..\..\CPP\File\FileFormat\FileFBX.cpp">
      <Filter>File\FileFormat</Filter>
    </ClCompile>
    <ClCompile Include="..\..\..\CPP\File\FileFormat\FileOBJ.cpp">
      <Filter>File\FileFormat</Filter>
    </ClCompile>
    <ClCompile Include="..\..\..\CPP\File\FileFormat\FileWAV.cpp">
      <Filter>File\FileFormat</Filter>
    </ClCompile>
  </ItemGroup>
  <ItemGroup>
    <ClInclude Include="..\..\..\CPP\File\File.h">
      <Filter>File</Filter>
    </ClInclude>
    <ClInclude Include="..\..\..\CPP\File\FileConverter.h">
      <Filter>File</Filter>
    </ClInclude>
    <ClInclude Include="..\..\..\CPP\File\GenFile.h">
      <Filter>File</Filter>
    </ClInclude>
    <ClInclude Include="..\..\..\CPP\File\FileFormat\FileDDS.h">
      <Filter>File\FileFormat</Filter>
    </ClInclude>
    <ClInclude Include="..\..\..\CPP\File\FileFormat\FileFBX.h">
      <Filter>File\FileFormat</Filter>
    </ClInclude>
    <ClInclude Include="..\..\..\CPP\File\FileFormat\FileOBJ.h">
      <Filter>File\FileFormat</Filter>
    </ClInclude>
    <ClInclude Include="..\..\..\CPP\File\FileFormat\FileWAV.h">
      <Filter>File\FileFormat</Filter>
    </ClInclude>
    <ClInclude Include="..\..\..\CPP\File\FileFormat\GenFileFromat.h">
      <Filter>File\FileFormat</Filter>
    </ClInclude>
    <ClInclude Include="..\..\..\CPP\Exception\GenException.h">
      <Filter>Exception</Filter>
    </ClInclude>
    <ClInclude Include="..\..\..\CPP\Exception\NotImplementedException.h">
      <Filter>Exception</Filter>
    </ClInclude>
    <ClInclude Include="..\..\..\CPP\GenFrame.h" />
  </ItemGroup>
</Project>